<?xml version="1.0" encoding="UTF-8" standalone="yes" ?>
<CodeBlocks_project_file>
	<FileVersion major="1" minor="6" />
	<Project>
		<Option title="CGP-Library" />
		<Option pch_mode="2" />
		<Option compiler="gcc" />
		<Build>
			<Target title="createDLL">
				<Option output="CGP-Library" prefix_auto="1" extension_auto="1" />
				<Option object_output="obj/Debug/" />
				<Option type="3" />
				<Option compiler="gcc" />
				<Compiler>
					<Add option="-DBUILD_DLL" />
				</Compiler>
			</Target>
			<Target title="gettingStarted">
				<Option output="gettingStarted" prefix_auto="1" extension_auto="1" />
				<Option object_output="obj/Debug/" />
				<Option type="1" />
				<Option compiler="gcc" />
				<Compiler>
					<Add option="-g" />
					<Add option="-DNO_DLL" />
				</Compiler>
			</Target>
			<Target title="createDataSet">
				<Option output="createDataSet" prefix_auto="1" extension_auto="1" />
				<Option object_output="obj/Debug/" />
				<Option type="1" />
				<Option compiler="gcc" />
				<Compiler>
					<Add option="-g" />
					<Add option="-DNO_DLL" />
				</Compiler>
				<Linker>
					<Add library="./CGP-Library.dll" />
				</Linker>
			</Target>
			<Target title="customFitnessFunction">
				<Option output="customFitnessFunction" prefix_auto="1" extension_auto="1" />
				<Option object_output="obj/Debug/" />
				<Option type="1" />
				<Option compiler="gcc" />
				<Compiler>
					<Add option="-g" />
					<Add option="-DNO_DLL" />
				</Compiler>
				<Linker>
					<Add library="./CGP-Library.dll" />
				</Linker>
			</Target>
			<Target title="customNodeFunction">
				<Option output="customNodeFunctions" prefix_auto="1" extension_auto="1" />
				<Option object_output="obj/Debug/" />
				<Option type="1" />
				<Option compiler="gcc" />
				<Compiler>
					<Add option="-g" />
					<Add option="-DNO_DLL" />
				</Compiler>
				<Linker>
					<Add library="./CGP-Library.dll" />
				</Linker>
			</Target>
			<Target title="manipulatingChromosomes">
				<Option output="manipluatingChromosomes" prefix_auto="1" extension_auto="1" />
				<Option object_output="obj/Debug/" />
				<Option type="1" />
				<Option compiler="gcc" />
				<Compiler>
					<Add option="-g" />
				</Compiler>
				<Linker>
					<Add library="./CGP-Library.dll" />
				</Linker>
			</Target>
			<Target title="averageBehaviour">
				<Option output="averageBehaviour" prefix_auto="1" extension_auto="1" />
				<Option object_output="obj/Debug/" />
				<Option type="1" />
				<Option compiler="gcc" />
				<Compiler>
					<Add option="-DNO_DLL" />
				</Compiler>
			</Target>
			<Target title="customSelectionScheme">
				<Option output="customSelectionScheme" prefix_auto="1" extension_auto="1" />
				<Option object_output="obj/Debug/" />
				<Option type="1" />
				<Option compiler="gcc" />
				<Compiler>
					<Add option="-g" />
					<Add option="-DNO_DLL" />
				</Compiler>
			</Target>
			<Target title="neuroEvolution">
				<Option output="neuroEvolution" prefix_auto="1" extension_auto="1" />
				<Option object_output="obj/Debug/" />
				<Option type="1" />
				<Option compiler="gcc" />
				<Compiler>
					<Add option="-g" />
					<Add option="-DNO_DLL" />
				</Compiler>
			</Target>
			<Target title="customReproductionScheme">
				<Option output="customSelectionScheme" prefix_auto="1" extension_auto="1" />
				<Option object_output="obj/Debug/" />
				<Option type="1" />
				<Option compiler="gcc" />
				<Compiler>
					<Add option="-g" />
					<Add option="-DNO_DLL" />
				</Compiler>
			</Target>
			<Target title="visualization">
				<Option output="visualization" prefix_auto="1" extension_auto="1" />
				<Option object_output="obj/Debug/" />
				<Option type="1" />
				<Option compiler="gcc" />
				<Compiler>
					<Add option="-g" />
					<Add option="-DNO_DLL" />
				</Compiler>
			</Target>
			<Target title="recurrentConnections">
				<Option output="recurrentConnections" prefix_auto="1" extension_auto="1" />
				<Option object_output="obj/Debug/" />
				<Option type="1" />
				<Option compiler="gcc" />
				<Compiler>
					<Add option="-g" />
					<Add option="-DNO_DLL" />
				</Compiler>
			</Target>
			<Target title="pythonBindings">
				<Option output="bindings/_cgp" prefix_auto="0" extension_auto="1" />
				<Option object_output="obj/Debug/" />
				<Option type="3" />
				<Option compiler="gcc" />
				<Compiler>
					<Add option="-g" />
					<Add option="-DBUILD_DLL" />
					<Add directory="/usr/include/python2.7" />
				</Compiler>
			</Target>
			<Target title="reservoirCGPANN">
				<Option output="reservoirCGPANN" prefix_auto="1" extension_auto="1" />
				<Option object_output="obj/Debug/" />
				<Option type="1" />
				<Option compiler="gcc" />
				<Compiler>
					<Add option="-std=c++11" />
					<Add option="-g" />
					<Add option="-DNO_DLL" />
				</Compiler>
			</Target>
		</Build>
		<Compiler>
			<Add option="-Wall" />
		</Compiler>
		<Unit filename="Eigen/Dense">
			<Option target="reservoirCGPANN" />
		</Unit>
		<Unit filename="Eigen/LU">
			<Option target="reservoirCGPANN" />
		</Unit>
		<Unit filename="bindings/cgp_wrap.c">
			<Option compilerVar="CC" />
			<Option target="pythonBindings" />
		</Unit>
		<Unit filename="examples/averageBehaviour.c">
			<Option compilerVar="CC" />
			<Option target="averageBehaviour" />
		</Unit>
		<Unit filename="examples/createDataSet.c">
			<Option compilerVar="CC" />
			<Option target="createDataSet" />
		</Unit>
		<Unit filename="examples/customFitnessFunction.c">
			<Option compilerVar="CC" />
			<Option target="customFitnessFunction" />
		</Unit>
		<Unit filename="examples/customNodeFunction.c">
			<Option compilerVar="CC" />
			<Option target="customNodeFunction" />
		</Unit>
		<Unit filename="examples/customReproductionScheme.c">
			<Option compilerVar="CC" />
			<Option target="customReproductionScheme" />
		</Unit>
		<Unit filename="examples/customSelectionScheme.c">
			<Option compilerVar="CC" />
			<Option target="customSelectionScheme" />
		</Unit>
		<Unit filename="examples/gettingStarted.c">
			<Option compilerVar="CC" />
			<Option target="gettingStarted" />
		</Unit>
		<Unit filename="examples/manipulatingChromosomes.c">
			<Option compilerVar="CC" />
			<Option target="manipulatingChromosomes" />
		</Unit>
		<Unit filename="examples/neuroEvolution.c">
			<Option compilerVar="CC" />
			<Option target="neuroEvolution" />
		</Unit>
		<Unit filename="examples/recurrentConnections.c">
			<Option compilerVar="CC" />
			<Option target="recurrentConnections" />
		</Unit>
		<Unit filename="examples/reservoirCGPANN.cpp">
			<Option target="reservoirCGPANN" />
		</Unit>
		<Unit filename="examples/visualization.c">
			<Option compilerVar="CC" />
			<Option target="visualization" />
		</Unit>
		<Unit filename="src/cgp.c">
			<Option compilerVar="CC" />
		</Unit>
		<Unit filename="src/cgp.h" />
		<Extensions>
			<code_completion />
			<envvars />
			<debugger />
			<lib_finder disable_auto="1" />
		</Extensions>
	</Project>
</CodeBlocks_project_file>
